{
  "name": "apip",
  "version": "0.0.4",
  "lockfileVersion": 2,
  "requires": true,
  "packages": {
    "": {
      "name": "apip",
      "version": "0.0.4",
      "license": "ISC",
      "devDependencies": {
        "@types/node": "^17.0.35",
        "jtm": "^1.2.1"
      }
    },
    "node_modules/@types/assert": {
      "version": "1.5.6",
      "resolved": "https://registry.npmjs.org/@types/assert/-/assert-1.5.6.tgz",
      "integrity": "sha512-Y7gDJiIqb9qKUHfBQYOWGngUpLORtirAVPuj/CWJrU2C6ZM4/y3XLwuwfGMF8s7QzW746LQZx23m0+1FSgjfug==",
      "dev": true
    },
    "node_modules/@types/node": {
      "version": "17.0.35",
      "dev": true,
      "license": "MIT"
    },
    "node_modules/jtm": {
      "version": "1.2.1",
      "resolved": "https://registry.npmjs.org/jtm/-/jtm-1.2.1.tgz",
      "integrity": "sha512-BbC6NejE2uUXGKZfjPwyQ3KFJkMVfzKO6kpAh95mxkJKvcioTdm4gJgdvU7VztE+IInkXj5w6TltPr2DlK6G0g==",
      "dev": true,
      "dependencies": {
        "@types/assert": "^1.5.6"
      },
      "bin": {
        "jtm": "bin/index.js"
      },
      "engines": {
        "node": ">= 16.0.0"
      }
    }
  },
  "dependencies": {
    "@types/assert": {
      "version": "1.5.6",
      "resolved": "https://registry.npmjs.org/@types/assert/-/assert-1.5.6.tgz",
      "integrity": "sha512-Y7gDJiIqb9qKUHfBQYOWGngUpLORtirAVPuj/CWJrU2C6ZM4/y3XLwuwfGMF8s7QzW746LQZx23m0+1FSgjfug==",
      "dev": true
    },
    "@types/node": {
      "version": "17.0.35",
      "dev": true
    },
    "jtm": {
      "version": "1.2.1",
      "resolved": "https://registry.npmjs.org/jtm/-/jtm-1.2.1.tgz",
      "integrity": "sha512-BbC6NejE2uUXGKZfjPwyQ3KFJkMVfzKO6kpAh95mxkJKvcioTdm4gJgdvU7VztE+IInkXj5w6TltPr2DlK6G0g==",
      "dev": true,
      "requires": {
        "@types/assert": "^1.5.6"
      }
    }
  }
}
