{
  "name": "demo",
  "version": "0.0.1",
  "lockfileVersion": 2,
  "requires": true,
  "packages": {
    "": {
      "name": "demo",
      "version": "0.0.1",
      "devDependencies": {
        "@koa/cors": "^3.3.0",
        "apip": "file:.."
      }
    },
    "..": {
      "version": "0.0.2",
      "dev": true,
      "license": "ISC",
      "devDependencies": {
        "@types/node": "^17.0.35"
      }
    },
    "node_modules/@koa/cors": {
      "version": "3.3.0",
      "resolved": "https://registry.npmjs.org/@koa/cors/-/cors-3.3.0.tgz",
      "integrity": "sha512-lzlkqLlL5Ond8jb6JLnVVDmD2OPym0r5kvZlMgAWiS9xle+Q5ulw1T358oW+RVguxUkANquZQz82i/STIRmsqQ==",
      "dev": true,
      "dependencies": {
        "vary": "^1.1.2"
      },
      "engines": {
        "node": ">= 8.0.0"
      }
    },
    "node_modules/apip": {
      "resolved": "..",
      "link": true
    },
    "node_modules/vary": {
      "version": "1.1.2",
      "resolved": "https://registry.npmjs.org/vary/-/vary-1.1.2.tgz",
      "integrity": "sha1-IpnwLG3tMNSllhsLn3RSShj2NPw=",
      "dev": true,
      "engines": {
        "node": ">= 0.8"
      }
    }
  },
  "dependencies": {
    "@koa/cors": {
      "version": "3.3.0",
      "resolved": "https://registry.npmjs.org/@koa/cors/-/cors-3.3.0.tgz",
      "integrity": "sha512-lzlkqLlL5Ond8jb6JLnVVDmD2OPym0r5kvZlMgAWiS9xle+Q5ulw1T358oW+RVguxUkANquZQz82i/STIRmsqQ==",
      "dev": true,
      "requires": {
        "vary": "^1.1.2"
      }
    },
    "apip": {
      "version": "file:..",
      "requires": {
        "@types/node": "^17.0.35"
      }
    },
    "vary": {
      "version": "1.1.2",
      "resolved": "https://registry.npmjs.org/vary/-/vary-1.1.2.tgz",
      "integrity": "sha1-IpnwLG3tMNSllhsLn3RSShj2NPw=",
      "dev": true
    }
  }
}
